
Microsoft Visual Studio Solution File, Format Version 12.00
# Visual Studio 15
VisualStudioVersion = 15.0.27428.2037
MinimumVisualStudioVersion = 10.0.40219.1
Project("{8BC9CEB8-8B4A-11D0-8D11-00A0C91BC942}") = "OpenGL3DTutorial2", "OpenGL3DTutorial2.vcxproj", "{6D63AAEA-3796-4BB2-87B1-96979EA94D48}"
EndProject
Global
	GlobalSection(SolutionConfigurationPlatforms) = preSolution
		Debug|x64 = Debug|x64
		Debug|x86 = Debug|x86
		Release|x64 = Release|x64
		Release|x86 = Release|x86
	EndGlobalSection
	GlobalSection(ProjectConfigurationPlatforms) = postSolution
		{6D63AAEA-3796-4BB2-87B1-96979EA94D48}.Debug|x64.ActiveCfg = Debug|x64
		{6D63AAEA-3796-4BB2-87B1-96979EA94D48}.Debug|x64.Build.0 = Debug|x64
		{6D63AAEA-3796-4BB2-87B1-96979EA94D48}.Debug|x86.ActiveCfg = Debug|Win32
		{6D63AAEA-3796-4BB2-87B1-96979EA94D48}.Debug|x86.Build.0 = Debug|Win32
		{6D63AAEA-3796-4BB2-87B1-96979EA94D48}.Release|x64.ActiveCfg = Release|x64
		{6D63AAEA-3796-4BB2-87B1-96979EA94D48}.Release|x64.Build.0 = Release|x64
		{6D63AAEA-3796-4BB2-87B1-96979EA94D48}.Release|x86.ActiveCfg = Release|Win32
		{6D63AAEA-3796-4BB2-87B1-96979EA94D48}.Release|x86.Build.0 = Release|Win32
	EndGlobalSection
	GlobalSection(SolutionProperties) = preSolution
		HideSolutionNode = FALSE
	EndGlobalSection
	GlobalSection(ExtensibilityGlobals) = postSolution
		SolutionGuid = {69A56FE8-9F2C-4823-9002-CEDA8C103D29}
	EndGlobalSection
EndGlobal
